{
  "originHash" : "7bfe9f7a66ddb5506ec25a768e51e88f5474394dd832d52ababbd5b0bc83eb12",
  "pins" : [
    {
      "identity" : "swift-package-manager-google-mobile-ads",
      "kind" : "remoteSourceControl",
      "location" : "https://github.com/googleads/swift-package-manager-google-mobile-ads.git",
      "state" : {
        "revision" : "ab4c3ec7546c7566fe49918fc9461df44e015537",
        "version" : "12.2.0"
      }
    },
    {
      "identity" : "swift-package-manager-google-user-messaging-platform",
      "kind" : "remoteSourceControl",
      "location" : "https://github.com/googleads/swift-package-manager-google-user-messaging-platform.git",
      "state" : {
        "revision" : "9b68aa69fb508f0274853e226c734151a973c7b7",
        "version" : "2.4.0"
      }
    }
  ],
  "version" : 3
}
